
Microsoft Visual Studio Solution File, Format Version 12.00
# Visual Studio 15
VisualStudioVersion = 15.0.28307.902
MinimumVisualStudioVersion = 10.0.40219.1
Project("{8BC9CEB8-8B4A-11D0-8D11-00A0C91BC942}") = "1259", "1259.vcxproj", "{55FA4097-A63D-4754-9F2B-1D05CE4F2074}"
EndProject
Global
	GlobalSection(SolutionConfigurationPlatforms) = preSolution
		Debug|x64 = Debug|x64
		Debug|x86 = Debug|x86
		Release|x64 = Release|x64
		Release|x86 = Release|x86
	EndGlobalSection
	GlobalSection(ProjectConfigurationPlatforms) = postSolution
		{55FA4097-A63D-4754-9F2B-1D05CE4F2074}.Debug|x64.ActiveCfg = Debug|x64
		{55FA4097-A63D-4754-9F2B-1D05CE4F2074}.Debug|x64.Build.0 = Debug|x64
		{55FA4097-A63D-4754-9F2B-1D05CE4F2074}.Debug|x86.ActiveCfg = Debug|Win32
		{55FA4097-A63D-4754-9F2B-1D05CE4F2074}.Debug|x86.Build.0 = Debug|Win32
		{55FA4097-A63D-4754-9F2B-1D05CE4F2074}.Release|x64.ActiveCfg = Release|x64
		{55FA4097-A63D-4754-9F2B-1D05CE4F2074}.Release|x64.Build.0 = Release|x64
		{55FA4097-A63D-4754-9F2B-1D05CE4F2074}.Release|x86.ActiveCfg = Release|Win32
		{55FA4097-A63D-4754-9F2B-1D05CE4F2074}.Release|x86.Build.0 = Release|Win32
	EndGlobalSection
	GlobalSection(SolutionProperties) = preSolution
		HideSolutionNode = FALSE
	EndGlobalSection
	GlobalSection(ExtensibilityGlobals) = postSolution
		SolutionGuid = {4E9A3464-9E41-4ADC-A54E-BA58DB82C79A}
	EndGlobalSection
EndGlobal
